// !$*UTF8*$!
{
	archiveVersion = 1;
	classes = {
	};
	objectVersion = 46;
	objects = {

/* Begin PBXBuildFile section */
		A00EAA041DB9FF73001FD546 /* CardEntity.swift in Sources */ = {isa = PBXBuildFile; fileRef = A00EAA031DB9FF73001FD546 /* CardEntity.swift */; };
		A00EAA061DBE862F001FD546 /* Utility.swift in Sources */ = {isa = PBXBuildFile; fileRef = A00EAA051DBE862F001FD546 /* Utility.swift */; };
		A00EAA081DBE89CD001FD546 /* CardDetailViewController.swift in Sources */ = {isa = PBXBuildFile; fileRef = A00EAA071DBE89CD001FD546 /* CardDetailViewController.swift */; };
		A00EAA0A1DBE8A60001FD546 /* CardDetailViewController.xib in Resources */ = {isa = PBXBuildFile; fileRef = A00EAA091DBE8A60001FD546 /* CardDetailViewController.xib */; };
		A022E6C81DC0957B00E7D8EE /* CardService.swift in Sources */ = {isa = PBXBuildFile; fileRef = A022E6C71DC0957B00E7D8EE /* CardService.swift */; };
		A022E6E21DC343AA00E7D8EE /* CardPO.swift in Sources */ = {isa = PBXBuildFile; fileRef = A022E6E01DC343AA00E7D8EE /* CardPO.swift */; };
		A02BFF5C1E9155320096DEB7 /* CardViewBaseController.swift in Sources */ = {isa = PBXBuildFile; fileRef = A02BFF5B1E9155320096DEB7 /* CardViewBaseController.swift */; };
		A02ED0D41F40977D007C753C /* DOFavoriteButton.swift in Sources */ = {isa = PBXBuildFile; fileRef = A02ED0D31F40977D007C753C /* DOFavoriteButton.swift */; };
		A037FA4329CAC49A001ECCBD /* KeyValueEntryEntity.swift in Sources */ = {isa = PBXBuildFile; fileRef = A037FA4229CAC49A001ECCBD /* KeyValueEntryEntity.swift */; };
		A039AE291D95F17E009ABFD1 /* AppDelegate.swift in Sources */ = {isa = PBXBuildFile; fileRef = A039AE281D95F17E009ABFD1 /* AppDelegate.swift */; };
		A039AE2B1D95F17E009ABFD1 /* ViewController.swift in Sources */ = {isa = PBXBuildFile; fileRef = A039AE2A1D95F17E009ABFD1 /* ViewController.swift */; };
		A039AE2E1D95F17F009ABFD1 /* Main.storyboard in Resources */ = {isa = PBXBuildFile; fileRef = A039AE2C1D95F17F009ABFD1 /* Main.storyboard */; };
		A039AE311D95F17F009ABFD1 /* yugioh.xcdatamodeld in Sources */ = {isa = PBXBuildFile; fileRef = A039AE2F1D95F17F009ABFD1 /* yugioh.xcdatamodeld */; };
		A039AE331D95F17F009ABFD1 /* Assets.xcassets in Resources */ = {isa = PBXBuildFile; fileRef = A039AE321D95F17F009ABFD1 /* Assets.xcassets */; };
		A039AE361D95F17F009ABFD1 /* LaunchScreen.storyboard in Resources */ = {isa = PBXBuildFile; fileRef = A039AE341D95F17F009ABFD1 /* LaunchScreen.storyboard */; };
		A039AE411D95F17F009ABFD1 /* yugiohTests.swift in Sources */ = {isa = PBXBuildFile; fileRef = A039AE401D95F17F009ABFD1 /* yugiohTests.swift */; };
		A039AE4C1D95F17F009ABFD1 /* yugiohUITests.swift in Sources */ = {isa = PBXBuildFile; fileRef = A039AE4B1D95F17F009ABFD1 /* yugiohUITests.swift */; };
		A039AE631D95FC35009ABFD1 /* CardViewController.swift in Sources */ = {isa = PBXBuildFile; fileRef = A039AE621D95FC35009ABFD1 /* CardViewController.swift */; };
		A039AE671D95FDED009ABFD1 /* Extension.swift in Sources */ = {isa = PBXBuildFile; fileRef = A039AE661D95FDED009ABFD1 /* Extension.swift */; };
		A039AE711D9734D6009ABFD1 /* CardTableViewCell.swift in Sources */ = {isa = PBXBuildFile; fileRef = A039AE701D9734D6009ABFD1 /* CardTableViewCell.swift */; };
		A039AE731D9734DF009ABFD1 /* CardTableViewCell.xib in Resources */ = {isa = PBXBuildFile; fileRef = A039AE721D9734DF009ABFD1 /* CardTableViewCell.xib */; };
		A03F9FE42BCBD2E4002D611A /* cards.cdb in Resources */ = {isa = PBXBuildFile; fileRef = A03F9FE32BCBD2E3002D611A /* cards.cdb */; };
		A03FDB571F19FCA3001EA6C2 /* DeckPO.swift in Sources */ = {isa = PBXBuildFile; fileRef = A03FDB561F19FCA3001EA6C2 /* DeckPO.swift */; };
		A03FDB591F1A01FA001EA6C2 /* DeckService.swift in Sources */ = {isa = PBXBuildFile; fileRef = A03FDB581F1A01FA001EA6C2 /* DeckService.swift */; };
		A03FDB5B1F1A1A0E001EA6C2 /* DeckEntity.swift in Sources */ = {isa = PBXBuildFile; fileRef = A03FDB5A1F1A1A0E001EA6C2 /* DeckEntity.swift */; };
		A05458941FE6CFCF00916E3D /* AboutView.xib in Resources */ = {isa = PBXBuildFile; fileRef = A05458931FE6CFCF00916E3D /* AboutView.xib */; };
		A059F8FF1F68470600D019F7 /* GoogleService-Info.plist in Resources */ = {isa = PBXBuildFile; fileRef = A059F8FE1F68470600D019F7 /* GoogleService-Info.plist */; };
		A05F47541DDB1870005533C9 /* RangeSlider.swift in Sources */ = {isa = PBXBuildFile; fileRef = A05F47531DDB1870005533C9 /* RangeSlider.swift */; };
		A0609C061E3F3F14005739B7 /* CardViewWithStarController.swift in Sources */ = {isa = PBXBuildFile; fileRef = A0609C051E3F3F14005739B7 /* CardViewWithStarController.swift */; };
		A069A8801FCA9C07004888CF /* CardDeckViewSectionHeaderView.swift in Sources */ = {isa = PBXBuildFile; fileRef = A069A87F1FCA9C07004888CF /* CardDeckViewSectionHeaderView.swift */; };
		A069A8821FCA9CA5004888CF /* CardDeckViewSectionHeaderView.xib in Resources */ = {isa = PBXBuildFile; fileRef = A069A8811FCA9CA5004888CF /* CardDeckViewSectionHeaderView.xib */; };
		A08E9A8921DA416E00936C40 /* ToolViewController.swift in Sources */ = {isa = PBXBuildFile; fileRef = A08E9A8821DA416E00936C40 /* ToolViewController.swift */; };
		A08E9A8B21DA43F100936C40 /* CalculateView.xib in Resources */ = {isa = PBXBuildFile; fileRef = A08E9A8A21DA43F100936C40 /* CalculateView.xib */; };
		A08E9A8F21DA466200936C40 /* CalculateView.swift in Sources */ = {isa = PBXBuildFile; fileRef = A08E9A8E21DA466200936C40 /* CalculateView.swift */; };
		A0972EF11EDB1C18005FAB9C /* DataButton.swift in Sources */ = {isa = PBXBuildFile; fileRef = A0972EF01EDB1C18005FAB9C /* DataButton.swift */; };
		A0A4F17A24E9199200121604 /* AboutView.swift in Sources */ = {isa = PBXBuildFile; fileRef = A0A4F17924E9199200121604 /* AboutView.swift */; };
		A0AB33051F079599005211BA /* CardDeckViewController.swift in Sources */ = {isa = PBXBuildFile; fileRef = A0AB33041F079599005211BA /* CardDeckViewController.swift */; };
		A0AB33071F079820005211BA /* CardDeckCollectionViewCell.swift in Sources */ = {isa = PBXBuildFile; fileRef = A0AB33061F079820005211BA /* CardDeckCollectionViewCell.swift */; };
		A0AB33091F079830005211BA /* CardDeckCollectionViewCell.xib in Resources */ = {isa = PBXBuildFile; fileRef = A0AB33081F079830005211BA /* CardDeckCollectionViewCell.xib */; };
		A0C2AF7F20A9F2D500030D55 /* BattleView.xib in Resources */ = {isa = PBXBuildFile; fileRef = A0C2AF7E20A9F2D500030D55 /* BattleView.xib */; };
		A0EDEEFA1E55E75C00401416 /* LoadableFromXibView.swift in Sources */ = {isa = PBXBuildFile; fileRef = A0EDEEF91E55E75C00401416 /* LoadableFromXibView.swift */; };
		A0EDEEFC1E55EDBE00401416 /* Constant.swift in Sources */ = {isa = PBXBuildFile; fileRef = A0EDEEFB1E55EDBE00401416 /* Constant.swift */; };
		A0EE4CDD25BD6B8700F0DBE4 /* CardViewWithStarController.xib in Resources */ = {isa = PBXBuildFile; fileRef = A0EE4CDC25BD6B8700F0DBE4 /* CardViewWithStarController.xib */; };
		A0F0E83E1F36A3F7009B8E85 /* DeckViewController.swift in Sources */ = {isa = PBXBuildFile; fileRef = A0F0E83D1F36A3F7009B8E85 /* DeckViewController.swift */; };
		A0F0E8401F36A63E009B8E85 /* CardDeckViewController.xib in Resources */ = {isa = PBXBuildFile; fileRef = A0F0E83F1F36A63E009B8E85 /* CardDeckViewController.xib */; };
		A0F0E8421F36AF76009B8E85 /* DeckTableCell.swift in Sources */ = {isa = PBXBuildFile; fileRef = A0F0E8411F36AF76009B8E85 /* DeckTableCell.swift */; };
		A0F0E8441F36AF80009B8E85 /* DeckTableCell.xib in Resources */ = {isa = PBXBuildFile; fileRef = A0F0E8431F36AF80009B8E85 /* DeckTableCell.xib */; };
		A0F0E8461F36B9B2009B8E85 /* DeckViewEntity.swift in Sources */ = {isa = PBXBuildFile; fileRef = A0F0E8451F36B9B2009B8E85 /* DeckViewEntity.swift */; };
		A0F93DC91DC9414B0001289D /* CardSearchViewController.swift in Sources */ = {isa = PBXBuildFile; fileRef = A0F93DC81DC9414B0001289D /* CardSearchViewController.swift */; };
		A0F93DCB1DC941550001289D /* CardSearchViewController.xib in Resources */ = {isa = PBXBuildFile; fileRef = A0F93DCA1DC941550001289D /* CardSearchViewController.xib */; };
		AFBA00992D282BFF0036C1B3 /* BattleView.swift in Sources */ = {isa = PBXBuildFile; fileRef = AFBA00982D282BFF0036C1B3 /* BattleView.swift */; };
		C7E28034866CB4189C5C8DE5 /* Pods_yugioh.framework in Frameworks */ = {isa = PBXBuildFile; fileRef = 0305D7B0B45950B42C0C6634 /* Pods_yugioh.framework */; };
/* End PBXBuildFile section */

/* Begin PBXContainerItemProxy section */
		A039AE3D1D95F17F009ABFD1 /* PBXContainerItemProxy */ = {
			isa = PBXContainerItemProxy;
			containerPortal = A039AE1D1D95F17E009ABFD1 /* Project object */;
			proxyType = 1;
			remoteGlobalIDString = A039AE241D95F17E009ABFD1;
			remoteInfo = yugioh;
		};
		A039AE481D95F17F009ABFD1 /* PBXContainerItemProxy */ = {
			isa = PBXContainerItemProxy;
			containerPortal = A039AE1D1D95F17E009ABFD1 /* Project object */;
			proxyType = 1;
			remoteGlobalIDString = A039AE241D95F17E009ABFD1;
			remoteInfo = yugioh;
		};
/* End PBXContainerItemProxy section */

/* Begin PBXFileReference section */
		027AF3D9CC21C2AEBB7A81F4 /* Pods-yugioh.production.xcconfig */ = {isa = PBXFileReference; includeInIndex = 1; lastKnownFileType = text.xcconfig; name = "Pods-yugioh.production.xcconfig"; path = "Pods/Target Support Files/Pods-yugioh/Pods-yugioh.production.xcconfig"; sourceTree = "<group>"; };
		0305D7B0B45950B42C0C6634 /* Pods_yugioh.framework */ = {isa = PBXFileReference; explicitFileType = wrapper.framework; includeInIndex = 0; path = Pods_yugioh.framework; sourceTree = BUILT_PRODUCTS_DIR; };
		75E55B288F727D07B48452E2 /* Pods-yugioh.release.xcconfig */ = {isa = PBXFileReference; includeInIndex = 1; lastKnownFileType = text.xcconfig; name = "Pods-yugioh.release.xcconfig"; path = "Pods/Target Support Files/Pods-yugioh/Pods-yugioh.release.xcconfig"; sourceTree = "<group>"; };
		A00EAA031DB9FF73001FD546 /* CardEntity.swift */ = {isa = PBXFileReference; fileEncoding = 4; lastKnownFileType = sourcecode.swift; path = CardEntity.swift; sourceTree = "<group>"; };
		A00EAA051DBE862F001FD546 /* Utility.swift */ = {isa = PBXFileReference; fileEncoding = 4; lastKnownFileType = sourcecode.swift; path = Utility.swift; sourceTree = "<group>"; };
		A00EAA071DBE89CD001FD546 /* CardDetailViewController.swift */ = {isa = PBXFileReference; fileEncoding = 4; lastKnownFileType = sourcecode.swift; path = CardDetailViewController.swift; sourceTree = "<group>"; };
		A00EAA091DBE8A60001FD546 /* CardDetailViewController.xib */ = {isa = PBXFileReference; fileEncoding = 4; lastKnownFileType = file.xib; path = CardDetailViewController.xib; sourceTree = "<group>"; };
		A01E491E1DCDE169003D2F35 /* Kingfisher.framework */ = {isa = PBXFileReference; lastKnownFileType = wrapper.framework; name = Kingfisher.framework; path = "../../../Library/Developer/Xcode/DerivedData/yugioh-afsqlygzbrafxjgunlidtampkyjt/Build/Products/Debug-iphonesimulator/Kingfisher/Kingfisher.framework"; sourceTree = "<group>"; };
		A022E6C71DC0957B00E7D8EE /* CardService.swift */ = {isa = PBXFileReference; fileEncoding = 4; lastKnownFileType = sourcecode.swift; path = CardService.swift; sourceTree = "<group>"; };
		A022E6E01DC343AA00E7D8EE /* CardPO.swift */ = {isa = PBXFileReference; fileEncoding = 4; lastKnownFileType = sourcecode.swift; path = CardPO.swift; sourceTree = "<group>"; };
		A02BFF5B1E9155320096DEB7 /* CardViewBaseController.swift */ = {isa = PBXFileReference; fileEncoding = 4; lastKnownFileType = sourcecode.swift; path = CardViewBaseController.swift; sourceTree = "<group>"; };
		A02ED0D31F40977D007C753C /* DOFavoriteButton.swift */ = {isa = PBXFileReference; fileEncoding = 4; lastKnownFileType = sourcecode.swift; path = DOFavoriteButton.swift; sourceTree = "<group>"; };
		A037FA4229CAC49A001ECCBD /* KeyValueEntryEntity.swift */ = {isa = PBXFileReference; lastKnownFileType = sourcecode.swift; path = KeyValueEntryEntity.swift; sourceTree = "<group>"; };
		A039AE251D95F17E009ABFD1 /* yugioh.app */ = {isa = PBXFileReference; explicitFileType = wrapper.application; includeInIndex = 0; path = yugioh.app; sourceTree = BUILT_PRODUCTS_DIR; };
		A039AE281D95F17E009ABFD1 /* AppDelegate.swift */ = {isa = PBXFileReference; lastKnownFileType = sourcecode.swift; path = AppDelegate.swift; sourceTree = "<group>"; };
		A039AE2A1D95F17E009ABFD1 /* ViewController.swift */ = {isa = PBXFileReference; lastKnownFileType = sourcecode.swift; path = ViewController.swift; sourceTree = "<group>"; };
		A039AE2D1D95F17F009ABFD1 /* Base */ = {isa = PBXFileReference; lastKnownFileType = file.storyboard; name = Base; path = Base.lproj/Main.storyboard; sourceTree = "<group>"; };
		A039AE301D95F17F009ABFD1 /* yugioh.xcdatamodel */ = {isa = PBXFileReference; lastKnownFileType = wrapper.xcdatamodel; path = yugioh.xcdatamodel; sourceTree = "<group>"; };
		A039AE321D95F17F009ABFD1 /* Assets.xcassets */ = {isa = PBXFileReference; lastKnownFileType = folder.assetcatalog; path = Assets.xcassets; sourceTree = "<group>"; };
		A039AE351D95F17F009ABFD1 /* Base */ = {isa = PBXFileReference; lastKnownFileType = file.storyboard; name = Base; path = Base.lproj/LaunchScreen.storyboard; sourceTree = "<group>"; };
		A039AE371D95F17F009ABFD1 /* Info.plist */ = {isa = PBXFileReference; lastKnownFileType = text.plist.xml; path = Info.plist; sourceTree = "<group>"; };
		A039AE3C1D95F17F009ABFD1 /* yugiohTests.xctest */ = {isa = PBXFileReference; explicitFileType = wrapper.cfbundle; includeInIndex = 0; path = yugiohTests.xctest; sourceTree = BUILT_PRODUCTS_DIR; };
		A039AE401D95F17F009ABFD1 /* yugiohTests.swift */ = {isa = PBXFileReference; lastKnownFileType = sourcecode.swift; path = yugiohTests.swift; sourceTree = "<group>"; };
		A039AE421D95F17F009ABFD1 /* Info.plist */ = {isa = PBXFileReference; lastKnownFileType = text.plist.xml; path = Info.plist; sourceTree = "<group>"; };
		A039AE471D95F17F009ABFD1 /* yugiohUITests.xctest */ = {isa = PBXFileReference; explicitFileType = wrapper.cfbundle; includeInIndex = 0; path = yugiohUITests.xctest; sourceTree = BUILT_PRODUCTS_DIR; };
		A039AE4B1D95F17F009ABFD1 /* yugiohUITests.swift */ = {isa = PBXFileReference; lastKnownFileType = sourcecode.swift; path = yugiohUITests.swift; sourceTree = "<group>"; };
		A039AE4D1D95F17F009ABFD1 /* Info.plist */ = {isa = PBXFileReference; lastKnownFileType = text.plist.xml; path = Info.plist; sourceTree = "<group>"; };
		A039AE621D95FC35009ABFD1 /* CardViewController.swift */ = {isa = PBXFileReference; fileEncoding = 4; lastKnownFileType = sourcecode.swift; path = CardViewController.swift; sourceTree = "<group>"; };
		A039AE661D95FDED009ABFD1 /* Extension.swift */ = {isa = PBXFileReference; fileEncoding = 4; lastKnownFileType = sourcecode.swift; path = Extension.swift; sourceTree = "<group>"; };
		A039AE701D9734D6009ABFD1 /* CardTableViewCell.swift */ = {isa = PBXFileReference; fileEncoding = 4; lastKnownFileType = sourcecode.swift; path = CardTableViewCell.swift; sourceTree = "<group>"; };
		A039AE721D9734DF009ABFD1 /* CardTableViewCell.xib */ = {isa = PBXFileReference; fileEncoding = 4; lastKnownFileType = file.xib; path = CardTableViewCell.xib; sourceTree = "<group>"; };
		A039AE741D973CA3009ABFD1 /* Roboto-Bold.ttf */ = {isa = PBXFileReference; lastKnownFileType = file; path = "Roboto-Bold.ttf"; sourceTree = "<group>"; };
		A039AE751D973CA3009ABFD1 /* Roboto-Light.ttf */ = {isa = PBXFileReference; lastKnownFileType = file; path = "Roboto-Light.ttf"; sourceTree = "<group>"; };
		A039AE761D973CA3009ABFD1 /* Roboto-Medium.ttf */ = {isa = PBXFileReference; lastKnownFileType = file; path = "Roboto-Medium.ttf"; sourceTree = "<group>"; };
		A039AE771D973CA3009ABFD1 /* Roboto-Regular.ttf */ = {isa = PBXFileReference; lastKnownFileType = file; path = "Roboto-Regular.ttf"; sourceTree = "<group>"; };
		A039AE781D973CA3009ABFD1 /* Roboto-Thin.ttf */ = {isa = PBXFileReference; lastKnownFileType = file; path = "Roboto-Thin.ttf"; sourceTree = "<group>"; };
		A03F9FE32BCBD2E3002D611A /* cards.cdb */ = {isa = PBXFileReference; lastKnownFileType = file; path = cards.cdb; sourceTree = "<group>"; };
		A03FDB561F19FCA3001EA6C2 /* DeckPO.swift */ = {isa = PBXFileReference; fileEncoding = 4; lastKnownFileType = sourcecode.swift; path = DeckPO.swift; sourceTree = "<group>"; };
		A03FDB581F1A01FA001EA6C2 /* DeckService.swift */ = {isa = PBXFileReference; fileEncoding = 4; lastKnownFileType = sourcecode.swift; path = DeckService.swift; sourceTree = "<group>"; };
		A03FDB5A1F1A1A0E001EA6C2 /* DeckEntity.swift */ = {isa = PBXFileReference; fileEncoding = 4; lastKnownFileType = sourcecode.swift; path = DeckEntity.swift; sourceTree = "<group>"; };
		A05458931FE6CFCF00916E3D /* AboutView.xib */ = {isa = PBXFileReference; lastKnownFileType = file.xib; path = AboutView.xib; sourceTree = "<group>"; };
		A059F8FE1F68470600D019F7 /* GoogleService-Info.plist */ = {isa = PBXFileReference; fileEncoding = 4; lastKnownFileType = text.plist.xml; path = "GoogleService-Info.plist"; sourceTree = "<group>"; };
		A05F47531DDB1870005533C9 /* RangeSlider.swift */ = {isa = PBXFileReference; fileEncoding = 4; lastKnownFileType = sourcecode.swift; path = RangeSlider.swift; sourceTree = "<group>"; };
		A0609C051E3F3F14005739B7 /* CardViewWithStarController.swift */ = {isa = PBXFileReference; fileEncoding = 4; lastKnownFileType = sourcecode.swift; path = CardViewWithStarController.swift; sourceTree = "<group>"; };
		A069A87F1FCA9C07004888CF /* CardDeckViewSectionHeaderView.swift */ = {isa = PBXFileReference; lastKnownFileType = sourcecode.swift; path = CardDeckViewSectionHeaderView.swift; sourceTree = "<group>"; };
		A069A8811FCA9CA5004888CF /* CardDeckViewSectionHeaderView.xib */ = {isa = PBXFileReference; lastKnownFileType = file.xib; path = CardDeckViewSectionHeaderView.xib; sourceTree = "<group>"; };
		A0899E231F5BD13700E1D37F /* WeixinShareTest-Bridging-Header.h */ = {isa = PBXFileReference; lastKnownFileType = sourcecode.c.h; path = "WeixinShareTest-Bridging-Header.h"; sourceTree = "<group>"; };
		A08E9A8821DA416E00936C40 /* ToolViewController.swift */ = {isa = PBXFileReference; lastKnownFileType = sourcecode.swift; path = ToolViewController.swift; sourceTree = "<group>"; };
		A08E9A8A21DA43F100936C40 /* CalculateView.xib */ = {isa = PBXFileReference; lastKnownFileType = file.xib; path = CalculateView.xib; sourceTree = "<group>"; };
		A08E9A8E21DA466200936C40 /* CalculateView.swift */ = {isa = PBXFileReference; lastKnownFileType = sourcecode.swift; path = CalculateView.swift; sourceTree = "<group>"; };
		A0972EF01EDB1C18005FAB9C /* DataButton.swift */ = {isa = PBXFileReference; fileEncoding = 4; lastKnownFileType = sourcecode.swift; path = DataButton.swift; sourceTree = "<group>"; };
		A0A4F17924E9199200121604 /* AboutView.swift */ = {isa = PBXFileReference; lastKnownFileType = sourcecode.swift; path = AboutView.swift; sourceTree = "<group>"; };
		A0AB33041F079599005211BA /* CardDeckViewController.swift */ = {isa = PBXFileReference; fileEncoding = 4; lastKnownFileType = sourcecode.swift; path = CardDeckViewController.swift; sourceTree = "<group>"; };
		A0AB33061F079820005211BA /* CardDeckCollectionViewCell.swift */ = {isa = PBXFileReference; fileEncoding = 4; lastKnownFileType = sourcecode.swift; path = CardDeckCollectionViewCell.swift; sourceTree = "<group>"; };
		A0AB33081F079830005211BA /* CardDeckCollectionViewCell.xib */ = {isa = PBXFileReference; fileEncoding = 4; lastKnownFileType = file.xib; path = CardDeckCollectionViewCell.xib; sourceTree = "<group>"; };
		A0C2AF7E20A9F2D500030D55 /* BattleView.xib */ = {isa = PBXFileReference; lastKnownFileType = file.xib; path = BattleView.xib; sourceTree = "<group>"; };
		A0EDEEF91E55E75C00401416 /* LoadableFromXibView.swift */ = {isa = PBXFileReference; fileEncoding = 4; lastKnownFileType = sourcecode.swift; path = LoadableFromXibView.swift; sourceTree = "<group>"; };
		A0EDEEFB1E55EDBE00401416 /* Constant.swift */ = {isa = PBXFileReference; fileEncoding = 4; lastKnownFileType = sourcecode.swift; path = Constant.swift; sourceTree = "<group>"; };
		A0EE4CDC25BD6B8700F0DBE4 /* CardViewWithStarController.xib */ = {isa = PBXFileReference; lastKnownFileType = file.xib; path = CardViewWithStarController.xib; sourceTree = "<group>"; };
		A0F0E83D1F36A3F7009B8E85 /* DeckViewController.swift */ = {isa = PBXFileReference; fileEncoding = 4; lastKnownFileType = sourcecode.swift; path = DeckViewController.swift; sourceTree = "<group>"; };
		A0F0E83F1F36A63E009B8E85 /* CardDeckViewController.xib */ = {isa = PBXFileReference; fileEncoding = 4; lastKnownFileType = file.xib; path = CardDeckViewController.xib; sourceTree = "<group>"; };
		A0F0E8411F36AF76009B8E85 /* DeckTableCell.swift */ = {isa = PBXFileReference; fileEncoding = 4; lastKnownFileType = sourcecode.swift; path = DeckTableCell.swift; sourceTree = "<group>"; };
		A0F0E8431F36AF80009B8E85 /* DeckTableCell.xib */ = {isa = PBXFileReference; fileEncoding = 4; lastKnownFileType = file.xib; path = DeckTableCell.xib; sourceTree = "<group>"; };
		A0F0E8451F36B9B2009B8E85 /* DeckViewEntity.swift */ = {isa = PBXFileReference; fileEncoding = 4; lastKnownFileType = sourcecode.swift; path = DeckViewEntity.swift; sourceTree = "<group>"; };
		A0F93DC81DC9414B0001289D /* CardSearchViewController.swift */ = {isa = PBXFileReference; fileEncoding = 4; lastKnownFileType = sourcecode.swift; path = CardSearchViewController.swift; sourceTree = "<group>"; wrapsLines = 1; };
		A0F93DCA1DC941550001289D /* CardSearchViewController.xib */ = {isa = PBXFileReference; fileEncoding = 4; lastKnownFileType = file.xib; path = CardSearchViewController.xib; sourceTree = "<group>"; };
		AFBA00982D282BFF0036C1B3 /* BattleView.swift */ = {isa = PBXFileReference; lastKnownFileType = sourcecode.swift; path = BattleView.swift; sourceTree = "<group>"; };
		C0DE00000000000000000001 /* Config/Debug.xcconfig */ = {isa = PBXFileReference; lastKnownFileType = text.xcconfig; path = Config/Debug.xcconfig; sourceTree = SOURCE_ROOT; };
		C0DE00000000000000000002 /* Config/Release.xcconfig */ = {isa = PBXFileReference; lastKnownFileType = text.xcconfig; path = Config/Release.xcconfig; sourceTree = SOURCE_ROOT; };
		C0DE00000000000000000003 /* Config/Production.xcconfig */ = {isa = PBXFileReference; lastKnownFileType = text.xcconfig; path = Config/Production.xcconfig; sourceTree = SOURCE_ROOT; };
		F277A06B470FF8C64E06C9BB /* Pods-yugioh.debug.xcconfig */ = {isa = PBXFileReference; includeInIndex = 1; lastKnownFileType = text.xcconfig; name = "Pods-yugioh.debug.xcconfig"; path = "Pods/Target Support Files/Pods-yugioh/Pods-yugioh.debug.xcconfig"; sourceTree = "<group>"; };
/* End PBXFileReference section */

/* Begin PBXFrameworksBuildPhase section */
		A039AE221D95F17E009ABFD1 /* Frameworks */ = {
			isa = PBXFrameworksBuildPhase;
			buildActionMask = 2147483647;
			files = (
				C7E28034866CB4189C5C8DE5 /* Pods_yugioh.framework in Frameworks */,
			);
			runOnlyForDeploymentPostprocessing = 0;
		};
		A039AE391D95F17F009ABFD1 /* Frameworks */ = {
			isa = PBXFrameworksBuildPhase;
			buildActionMask = 2147483647;
			files = (
			);
			runOnlyForDeploymentPostprocessing = 0;
		};
		A039AE441D95F17F009ABFD1 /* Frameworks */ = {
			isa = PBXFrameworksBuildPhase;
			buildActionMask = 2147483647;
			files = (
			);
			runOnlyForDeploymentPostprocessing = 0;
		};
/* End PBXFrameworksBuildPhase section */

/* Begin PBXGroup section */
		84E3D914F05E937C63BA0C1C /* Pods */ = {
			isa = PBXGroup;
			children = (
				F277A06B470FF8C64E06C9BB /* Pods-yugioh.debug.xcconfig */,
				75E55B288F727D07B48452E2 /* Pods-yugioh.release.xcconfig */,
				027AF3D9CC21C2AEBB7A81F4 /* Pods-yugioh.production.xcconfig */,
			);
			name = Pods;
			sourceTree = "<group>";
		};
		A02BFF561E9145860096DEB7 /* Card */ = {
			isa = PBXGroup;
			children = (
				A02BFF5B1E9155320096DEB7 /* CardViewBaseController.swift */,
				A039AE621D95FC35009ABFD1 /* CardViewController.swift */,
				A0609C051E3F3F14005739B7 /* CardViewWithStarController.swift */,
				A0EE4CDC25BD6B8700F0DBE4 /* CardViewWithStarController.xib */,
				A0F93DC81DC9414B0001289D /* CardSearchViewController.swift */,
				A0F93DCA1DC941550001289D /* CardSearchViewController.xib */,
				A0F0E83D1F36A3F7009B8E85 /* DeckViewController.swift */,
				A08E9A8821DA416E00936C40 /* ToolViewController.swift */,
			);
			name = Card;
			sourceTree = "<group>";
		};
		A02BFF581E91459B0096DEB7 /* Other */ = {
			isa = PBXGroup;
			children = (
				A039AE701D9734D6009ABFD1 /* CardTableViewCell.swift */,
				A039AE721D9734DF009ABFD1 /* CardTableViewCell.xib */,
				A00EAA071DBE89CD001FD546 /* CardDetailViewController.swift */,
				A00EAA091DBE8A60001FD546 /* CardDetailViewController.xib */,
				A0972EF01EDB1C18005FAB9C /* DataButton.swift */,
				A0AB33061F079820005211BA /* CardDeckCollectionViewCell.swift */,
				A0AB33081F079830005211BA /* CardDeckCollectionViewCell.xib */,
				A069A87F1FCA9C07004888CF /* CardDeckViewSectionHeaderView.swift */,
				A069A8811FCA9CA5004888CF /* CardDeckViewSectionHeaderView.xib */,
				A0AB33041F079599005211BA /* CardDeckViewController.swift */,
				A0F0E83F1F36A63E009B8E85 /* CardDeckViewController.xib */,
				A0F0E8411F36AF76009B8E85 /* DeckTableCell.swift */,
				A0F0E8431F36AF80009B8E85 /* DeckTableCell.xib */,
				A05458931FE6CFCF00916E3D /* AboutView.xib */,
				A0A4F17924E9199200121604 /* AboutView.swift */,
				AFBA00982D282BFF0036C1B3 /* BattleView.swift */,
				A0C2AF7E20A9F2D500030D55 /* BattleView.xib */,
				A08E9A8A21DA43F100936C40 /* CalculateView.xib */,
				A08E9A8E21DA466200936C40 /* CalculateView.swift */,
			);
			name = Other;
			sourceTree = "<group>";
		};
		A039AE1C1D95F17E009ABFD1 = {
			isa = PBXGroup;
			children = (
				C0DE00000000000000000001 /* Config/Debug.xcconfig */,
				C0DE00000000000000000002 /* Config/Release.xcconfig */,
				C0DE00000000000000000003 /* Config/Production.xcconfig */,
				A039AE271D95F17E009ABFD1 /* yugioh */,
				A039AE3F1D95F17F009ABFD1 /* yugiohTests */,
				A039AE4A1D95F17F009ABFD1 /* yugiohUITests */,
				A039AE261D95F17E009ABFD1 /* Products */,
				DA607805D5F01CCAD417EDF7 /* Frameworks */,
				84E3D914F05E937C63BA0C1C /* Pods */,
			);
			sourceTree = "<group>";
		};
		A039AE261D95F17E009ABFD1 /* Products */ = {
			isa = PBXGroup;
			children = (
				A039AE251D95F17E009ABFD1 /* yugioh.app */,
				A039AE3C1D95F17F009ABFD1 /* yugiohTests.xctest */,
				A039AE471D95F17F009ABFD1 /* yugiohUITests.xctest */,
			);
			name = Products;
			sourceTree = "<group>";
		};
		A039AE271D95F17E009ABFD1 /* yugioh */ = {
			isa = PBXGroup;
			children = (
				A039AE5E1D95F94E009ABFD1 /* View */,
				A039AE5D1D95F947009ABFD1 /* Service */,
				A039AE5C1D95F940009ABFD1 /* Utility */,
				A039AE5B1D95F93A009ABFD1 /* Entity */,
				A039AE5A1D95F934009ABFD1 /* Resource */,
				A039AE591D95F92E009ABFD1 /* Datasource */,
				A039AE281D95F17E009ABFD1 /* AppDelegate.swift */,
				A039AE2A1D95F17E009ABFD1 /* ViewController.swift */,
				A039AE2C1D95F17F009ABFD1 /* Main.storyboard */,
				A039AE321D95F17F009ABFD1 /* Assets.xcassets */,
				A039AE341D95F17F009ABFD1 /* LaunchScreen.storyboard */,
				A039AE371D95F17F009ABFD1 /* Info.plist */,
				A059F8FE1F68470600D019F7 /* GoogleService-Info.plist */,
			);
			path = yugioh;
			sourceTree = "<group>";
		};
		A039AE3F1D95F17F009ABFD1 /* yugiohTests */ = {
			isa = PBXGroup;
			children = (
				A039AE401D95F17F009ABFD1 /* yugiohTests.swift */,
				A039AE421D95F17F009ABFD1 /* Info.plist */,
			);
			path = yugiohTests;
			sourceTree = "<group>";
		};
		A039AE4A1D95F17F009ABFD1 /* yugiohUITests */ = {
			isa = PBXGroup;
			children = (
				A039AE4B1D95F17F009ABFD1 /* yugiohUITests.swift */,
				A039AE4D1D95F17F009ABFD1 /* Info.plist */,
			);
			path = yugiohUITests;
			sourceTree = "<group>";
		};
		A039AE591D95F92E009ABFD1 /* Datasource */ = {
			isa = PBXGroup;
			children = (
				A039AE2F1D95F17F009ABFD1 /* yugioh.xcdatamodeld */,
			);
			name = Datasource;
			sourceTree = "<group>";
		};
		A039AE5A1D95F934009ABFD1 /* Resource */ = {
			isa = PBXGroup;
			children = (
				A03F9FE32BCBD2E3002D611A /* cards.cdb */,
				A039AE741D973CA3009ABFD1 /* Roboto-Bold.ttf */,
				A039AE751D973CA3009ABFD1 /* Roboto-Light.ttf */,
				A039AE761D973CA3009ABFD1 /* Roboto-Medium.ttf */,
				A039AE771D973CA3009ABFD1 /* Roboto-Regular.ttf */,
				A039AE781D973CA3009ABFD1 /* Roboto-Thin.ttf */,
			);
			name = Resource;
			sourceTree = "<group>";
		};
		A039AE5B1D95F93A009ABFD1 /* Entity */ = {
			isa = PBXGroup;
			children = (
				A022E6E01DC343AA00E7D8EE /* CardPO.swift */,
				A00EAA031DB9FF73001FD546 /* CardEntity.swift */,
				A03FDB561F19FCA3001EA6C2 /* DeckPO.swift */,
				A03FDB5A1F1A1A0E001EA6C2 /* DeckEntity.swift */,
				A0F0E8451F36B9B2009B8E85 /* DeckViewEntity.swift */,
				A037FA4229CAC49A001ECCBD /* KeyValueEntryEntity.swift */,
			);
			name = Entity;
			sourceTree = "<group>";
		};
		A039AE5C1D95F940009ABFD1 /* Utility */ = {
			isa = PBXGroup;
			children = (
				A05458871FE6ABA700916E3D /* DOFavoriteButton */,
				A05458861FE6AB9C00916E3D /* Wexin */,
				A0EDEEFB1E55EDBE00401416 /* Constant.swift */,
				A0EDEEF91E55E75C00401416 /* LoadableFromXibView.swift */,
				A039AE661D95FDED009ABFD1 /* Extension.swift */,
				A00EAA051DBE862F001FD546 /* Utility.swift */,
				A05F47531DDB1870005533C9 /* RangeSlider.swift */,
			);
			name = Utility;
			sourceTree = "<group>";
		};
		A039AE5D1D95F947009ABFD1 /* Service */ = {
			isa = PBXGroup;
			children = (
				A022E6C71DC0957B00E7D8EE /* CardService.swift */,
				A03FDB581F1A01FA001EA6C2 /* DeckService.swift */,
			);
			name = Service;
			sourceTree = "<group>";
		};
		A039AE5E1D95F94E009ABFD1 /* View */ = {
			isa = PBXGroup;
			children = (
				A02BFF581E91459B0096DEB7 /* Other */,
				A02BFF561E9145860096DEB7 /* Card */,
			);
			name = View;
			sourceTree = "<group>";
		};
		A05458861FE6AB9C00916E3D /* Wexin */ = {
			isa = PBXGroup;
			children = (
				A0899E231F5BD13700E1D37F /* WeixinShareTest-Bridging-Header.h */,
			);
			name = Wexin;
			sourceTree = "<group>";
		};
		A05458871FE6ABA700916E3D /* DOFavoriteButton */ = {
			isa = PBXGroup;
			children = (
				A02ED0D31F40977D007C753C /* DOFavoriteButton.swift */,
			);
			name = DOFavoriteButton;
			sourceTree = "<group>";
		};
		DA607805D5F01CCAD417EDF7 /* Frameworks */ = {
			isa = PBXGroup;
			children = (
				A01E491E1DCDE169003D2F35 /* Kingfisher.framework */,
				0305D7B0B45950B42C0C6634 /* Pods_yugioh.framework */,
			);
			name = Frameworks;
			sourceTree = "<group>";
		};
/* End PBXGroup section */

/* Begin PBXNativeTarget section */
		A039AE241D95F17E009ABFD1 /* yugioh */ = {
			isa = PBXNativeTarget;
			buildConfigurationList = A039AE501D95F17F009ABFD1 /* Build configuration list for PBXNativeTarget "yugioh" */;
			buildPhases = (
				1952CC83EE9F11A0B8AAF2AE /* [CP] Check Pods Manifest.lock */,
				A039AE211D95F17E009ABFD1 /* Sources */,
				A039AE221D95F17E009ABFD1 /* Frameworks */,
				A039AE231D95F17E009ABFD1 /* Resources */,
				CEA98D5537E196070AA4F757 /* [CP] Embed Pods Frameworks */,
			);
			buildRules = (
			);
			dependencies = (
			);
			name = yugioh;
			productName = yugioh;
			productReference = A039AE251D95F17E009ABFD1 /* yugioh.app */;
			productType = "com.apple.product-type.application";
		};
		A039AE3B1D95F17F009ABFD1 /* yugiohTests */ = {
			isa = PBXNativeTarget;
			buildConfigurationList = A039AE531D95F17F009ABFD1 /* Build configuration list for PBXNativeTarget "yugiohTests" */;
			buildPhases = (
				A039AE381D95F17F009ABFD1 /* Sources */,
				A039AE391D95F17F009ABFD1 /* Frameworks */,
				A039AE3A1D95F17F009ABFD1 /* Resources */,
			);
			buildRules = (
			);
			dependencies = (
				A039AE3E1D95F17F009ABFD1 /* PBXTargetDependency */,
			);
			name = yugiohTests;
			productName = yugiohTests;
			productReference = A039AE3C1D95F17F009ABFD1 /* yugiohTests.xctest */;
			productType = "com.apple.product-type.bundle.unit-test";
		};
		A039AE461D95F17F009ABFD1 /* yugiohUITests */ = {
			isa = PBXNativeTarget;
			buildConfigurationList = A039AE561D95F17F009ABFD1 /* Build configuration list for PBXNativeTarget "yugiohUITests" */;
			buildPhases = (
				A039AE431D95F17F009ABFD1 /* Sources */,
				A039AE441D95F17F009ABFD1 /* Frameworks */,
				A039AE451D95F17F009ABFD1 /* Resources */,
			);
			buildRules = (
			);
			dependencies = (
				A039AE491D95F17F009ABFD1 /* PBXTargetDependency */,
			);
			name = yugiohUITests;
			productName = yugiohUITests;
			productReference = A039AE471D95F17F009ABFD1 /* yugiohUITests.xctest */;
			productType = "com.apple.product-type.bundle.ui-testing";
		};
/* End PBXNativeTarget section */

/* Begin PBXProject section */
		A039AE1D1D95F17E009ABFD1 /* Project object */ = {
			isa = PBXProject;
			attributes = {
				LastSwiftUpdateCheck = 0800;
				LastUpgradeCheck = 1420;
				ORGANIZATIONNAME = sightcorner;
				TargetAttributes = {
					A039AE241D95F17E009ABFD1 = {
						CreatedOnToolsVersion = 8.0;
						DevelopmentTeam = LW783GQGY7;
						LastSwiftMigration = 0900;
						ProvisioningStyle = Automatic;
					};
					A039AE3B1D95F17F009ABFD1 = {
						CreatedOnToolsVersion = 8.0;
						DevelopmentTeam = LW783GQGY7;
						LastSwiftMigration = 0900;
						ProvisioningStyle = Automatic;
						TestTargetID = A039AE241D95F17E009ABFD1;
					};
					A039AE461D95F17F009ABFD1 = {
						CreatedOnToolsVersion = 8.0;
						DevelopmentTeam = LW783GQGY7;
						LastSwiftMigration = 0900;
						ProvisioningStyle = Automatic;
						TestTargetID = A039AE241D95F17E009ABFD1;
					};
				};
			};
			buildConfigurationList = A039AE201D95F17E009ABFD1 /* Build configuration list for PBXProject "yugioh" */;
			compatibilityVersion = "Xcode 3.2";
			developmentRegion = en;
			hasScannedForEncodings = 0;
			knownRegions = (
				en,
				Base,
			);
			mainGroup = A039AE1C1D95F17E009ABFD1;
			productRefGroup = A039AE261D95F17E009ABFD1 /* Products */;
			projectDirPath = "";
			projectRoot = "";
			targets = (
				A039AE241D95F17E009ABFD1 /* yugioh */,
				A039AE3B1D95F17F009ABFD1 /* yugiohTests */,
				A039AE461D95F17F009ABFD1 /* yugiohUITests */,
			);
		};
/* End PBXProject section */

/* Begin PBXResourcesBuildPhase section */
		A039AE231D95F17E009ABFD1 /* Resources */ = {
			isa = PBXResourcesBuildPhase;
			buildActionMask = 2147483647;
			files = (
				A059F8FF1F68470600D019F7 /* GoogleService-Info.plist in Resources */,
				A0AB33091F079830005211BA /* CardDeckCollectionViewCell.xib in Resources */,
				A00EAA0A1DBE8A60001FD546 /* CardDetailViewController.xib in Resources */,
				A0F0E8441F36AF80009B8E85 /* DeckTableCell.xib in Resources */,
				A0C2AF7F20A9F2D500030D55 /* BattleView.xib in Resources */,
				A05458941FE6CFCF00916E3D /* AboutView.xib in Resources */,
				A069A8821FCA9CA5004888CF /* CardDeckViewSectionHeaderView.xib in Resources */,
				A039AE731D9734DF009ABFD1 /* CardTableViewCell.xib in Resources */,
				A039AE361D95F17F009ABFD1 /* LaunchScreen.storyboard in Resources */,
				A0F0E8401F36A63E009B8E85 /* CardDeckViewController.xib in Resources */,
				A08E9A8B21DA43F100936C40 /* CalculateView.xib in Resources */,
				A0F93DCB1DC941550001289D /* CardSearchViewController.xib in Resources */,
				A039AE331D95F17F009ABFD1 /* Assets.xcassets in Resources */,
				A03F9FE42BCBD2E4002D611A /* cards.cdb in Resources */,
				A0EE4CDD25BD6B8700F0DBE4 /* CardViewWithStarController.xib in Resources */,
				A039AE2E1D95F17F009ABFD1 /* Main.storyboard in Resources */,
			);
			runOnlyForDeploymentPostprocessing = 0;
		};
		A039AE3A1D95F17F009ABFD1 /* Resources */ = {
			isa = PBXResourcesBuildPhase;
			buildActionMask = 2147483647;
			files = (
			);
			runOnlyForDeploymentPostprocessing = 0;
		};
		A039AE451D95F17F009ABFD1 /* Resources */ = {
			isa = PBXResourcesBuildPhase;
			buildActionMask = 2147483647;
			files = (
			);
			runOnlyForDeploymentPostprocessing = 0;
		};
/* End PBXResourcesBuildPhase section */

/* Begin PBXShellScriptBuildPhase section */
		1952CC83EE9F11A0B8AAF2AE /* [CP] Check Pods Manifest.lock */ = {
			isa = PBXShellScriptBuildPhase;
			buildActionMask = 2147483647;
			files = (
			);
			inputPaths = (
				"${PODS_PODFILE_DIR_PATH}/Podfile.lock",
				"${PODS_ROOT}/Manifest.lock",
			);
			name = "[CP] Check Pods Manifest.lock";
			outputPaths = (
				"$(DERIVED_FILE_DIR)/Pods-yugioh-checkManifestLockResult.txt",
			);
			runOnlyForDeploymentPostprocessing = 0;
			shellPath = /bin/sh;
			shellScript = "diff \"${PODS_PODFILE_DIR_PATH}/Podfile.lock\" \"${PODS_ROOT}/Manifest.lock\" > /dev/null\nif [ $? != 0 ] ; then\n    # print error to STDERR\n    echo \"error: The sandbox is not in sync with the Podfile.lock. Run 'pod install' or update your CocoaPods installation.\" >&2\n    exit 1\nfi\n# This output is used by Xcode 'outputs' to avoid re-running this script phase.\necho \"SUCCESS\" > \"${SCRIPT_OUTPUT_FILE_0}\"\n";
			showEnvVarsInLog = 0;
		};
		CEA98D5537E196070AA4F757 /* [CP] Embed Pods Frameworks */ = {
			isa = PBXShellScriptBuildPhase;
			buildActionMask = 2147483647;
			files = (
			);
			inputPaths = (
				"${PODS_ROOT}/Target Support Files/Pods-yugioh/Pods-yugioh-frameworks.sh",
				"${BUILT_PRODUCTS_DIR}/Agrume/Agrume.framework",
				"${BUILT_PRODUCTS_DIR}/Floaty/Floaty.framework",
				"${BUILT_PRODUCTS_DIR}/Kingfisher/Kingfisher.framework",
				"${BUILT_PRODUCTS_DIR}/SQLite.swift/SQLite.framework",
				"${BUILT_PRODUCTS_DIR}/SwiftyGif/SwiftyGif.framework",
				"${BUILT_PRODUCTS_DIR}/SwiftyJSON/SwiftyJSON.framework",
			);
			name = "[CP] Embed Pods Frameworks";
			outputPaths = (
				"${TARGET_BUILD_DIR}/${FRAMEWORKS_FOLDER_PATH}/Agrume.framework",
				"${TARGET_BUILD_DIR}/${FRAMEWORKS_FOLDER_PATH}/Floaty.framework",
				"${TARGET_BUILD_DIR}/${FRAMEWORKS_FOLDER_PATH}/Kingfisher.framework",
				"${TARGET_BUILD_DIR}/${FRAMEWORKS_FOLDER_PATH}/SQLite.framework",
				"${TARGET_BUILD_DIR}/${FRAMEWORKS_FOLDER_PATH}/SwiftyGif.framework",
				"${TARGET_BUILD_DIR}/${FRAMEWORKS_FOLDER_PATH}/SwiftyJSON.framework",
			);
			runOnlyForDeploymentPostprocessing = 0;
			shellPath = /bin/sh;
			shellScript = "\"${PODS_ROOT}/Target Support Files/Pods-yugioh/Pods-yugioh-frameworks.sh\"\n";
			showEnvVarsInLog = 0;
		};
/* End PBXShellScriptBuildPhase section */

/* Begin PBXSourcesBuildPhase section */
		A039AE211D95F17E009ABFD1 /* Sources */ = {
			isa = PBXSourcesBuildPhase;
			buildActionMask = 2147483647;
			files = (
				A00EAA061DBE862F001FD546 /* Utility.swift in Sources */,
				A0EDEEFA1E55E75C00401416 /* LoadableFromXibView.swift in Sources */,
				A0AB33071F079820005211BA /* CardDeckCollectionViewCell.swift in Sources */,
				A08E9A8F21DA466200936C40 /* CalculateView.swift in Sources */,
				A05F47541DDB1870005533C9 /* RangeSlider.swift in Sources */,
				A02BFF5C1E9155320096DEB7 /* CardViewBaseController.swift in Sources */,
				A039AE631D95FC35009ABFD1 /* CardViewController.swift in Sources */,
				A0972EF11EDB1C18005FAB9C /* DataButton.swift in Sources */,
				A037FA4329CAC49A001ECCBD /* KeyValueEntryEntity.swift in Sources */,
				A00EAA081DBE89CD001FD546 /* CardDetailViewController.swift in Sources */,
				A0609C061E3F3F14005739B7 /* CardViewWithStarController.swift in Sources */,
				A0EDEEFC1E55EDBE00401416 /* Constant.swift in Sources */,
				A02ED0D41F40977D007C753C /* DOFavoriteButton.swift in Sources */,
				A08E9A8921DA416E00936C40 /* ToolViewController.swift in Sources */,
				A039AE2B1D95F17E009ABFD1 /* ViewController.swift in Sources */,
				A03FDB591F1A01FA001EA6C2 /* DeckService.swift in Sources */,
				A0F0E8461F36B9B2009B8E85 /* DeckViewEntity.swift in Sources */,
				A0F0E83E1F36A3F7009B8E85 /* DeckViewController.swift in Sources */,
				A03FDB571F19FCA3001EA6C2 /* DeckPO.swift in Sources */,
				AFBA00992D282BFF0036C1B3 /* BattleView.swift in Sources */,
				A022E6E21DC343AA00E7D8EE /* CardPO.swift in Sources */,
				A039AE671D95FDED009ABFD1 /* Extension.swift in Sources */,
				A03FDB5B1F1A1A0E001EA6C2 /* DeckEntity.swift in Sources */,
				A039AE311D95F17F009ABFD1 /* yugioh.xcdatamodeld in Sources */,
				A022E6C81DC0957B00E7D8EE /* CardService.swift in Sources */,
				A069A8801FCA9C07004888CF /* CardDeckViewSectionHeaderView.swift in Sources */,
				A039AE291D95F17E009ABFD1 /* AppDelegate.swift in Sources */,
				A0A4F17A24E9199200121604 /* AboutView.swift in Sources */,
				A0F93DC91DC9414B0001289D /* CardSearchViewController.swift in Sources */,
				A00EAA041DB9FF73001FD546 /* CardEntity.swift in Sources */,
				A039AE711D9734D6009ABFD1 /* CardTableViewCell.swift in Sources */,
				A0AB33051F079599005211BA /* CardDeckViewController.swift in Sources */,
				A0F0E8421F36AF76009B8E85 /* DeckTableCell.swift in Sources */,
			);
			runOnlyForDeploymentPostprocessing = 0;
		};
		A039AE381D95F17F009ABFD1 /* Sources */ = {
			isa = PBXSourcesBuildPhase;
			buildActionMask = 2147483647;
			files = (
				A039AE411D95F17F009ABFD1 /* yugiohTests.swift in Sources */,
			);
			runOnlyForDeploymentPostprocessing = 0;
		};
		A039AE431D95F17F009ABFD1 /* Sources */ = {
			isa = PBXSourcesBuildPhase;
			buildActionMask = 2147483647;
			files = (
				A039AE4C1D95F17F009ABFD1 /* yugiohUITests.swift in Sources */,
			);
			runOnlyForDeploymentPostprocessing = 0;
		};
/* End PBXSourcesBuildPhase section */

/* Begin PBXTargetDependency section */
		A039AE3E1D95F17F009ABFD1 /* PBXTargetDependency */ = {
			isa = PBXTargetDependency;
			target = A039AE241D95F17E009ABFD1 /* yugioh */;
			targetProxy = A039AE3D1D95F17F009ABFD1 /* PBXContainerItemProxy */;
		};
		A039AE491D95F17F009ABFD1 /* PBXTargetDependency */ = {
			isa = PBXTargetDependency;
			target = A039AE241D95F17E009ABFD1 /* yugioh */;
			targetProxy = A039AE481D95F17F009ABFD1 /* PBXContainerItemProxy */;
		};
/* End PBXTargetDependency section */

/* Begin PBXVariantGroup section */
		A039AE2C1D95F17F009ABFD1 /* Main.storyboard */ = {
			isa = PBXVariantGroup;
			children = (
				A039AE2D1D95F17F009ABFD1 /* Base */,
			);
			name = Main.storyboard;
			sourceTree = "<group>";
		};
		A039AE341D95F17F009ABFD1 /* LaunchScreen.storyboard */ = {
			isa = PBXVariantGroup;
			children = (
				A039AE351D95F17F009ABFD1 /* Base */,
			);
			name = LaunchScreen.storyboard;
			sourceTree = "<group>";
		};
/* End PBXVariantGroup section */

/* Begin XCBuildConfiguration section */
		A039AE4E1D95F17F009ABFD1 /* Debug */ = {
			isa = XCBuildConfiguration;
			buildSettings = {
				ALWAYS_SEARCH_USER_PATHS = NO;
				CLANG_ANALYZER_NONNULL = YES;
				CLANG_CXX_LANGUAGE_STANDARD = "gnu++0x";
				CLANG_CXX_LIBRARY = "libc++";
				CLANG_ENABLE_MODULES = YES;
				CLANG_ENABLE_OBJC_ARC = YES;
				CLANG_WARN_BLOCK_CAPTURE_AUTORELEASING = YES;
				CLANG_WARN_BOOL_CONVERSION = YES;
				CLANG_WARN_COMMA = YES;
				CLANG_WARN_CONSTANT_CONVERSION = YES;
				CLANG_WARN_DEPRECATED_OBJC_IMPLEMENTATIONS = YES;
				CLANG_WARN_DIRECT_OBJC_ISA_USAGE = YES_ERROR;
				CLANG_WARN_DOCUMENTATION_COMMENTS = YES;
				CLANG_WARN_EMPTY_BODY = YES;
				CLANG_WARN_ENUM_CONVERSION = YES;
				CLANG_WARN_INFINITE_RECURSION = YES;
				CLANG_WARN_INT_CONVERSION = YES;
				CLANG_WARN_NON_LITERAL_NULL_CONVERSION = YES;
				CLANG_WARN_OBJC_IMPLICIT_RETAIN_SELF = YES;
				CLANG_WARN_OBJC_LITERAL_CONVERSION = YES;
				CLANG_WARN_OBJC_ROOT_CLASS = YES_ERROR;
				CLANG_WARN_QUOTED_INCLUDE_IN_FRAMEWORK_HEADER = YES;
				CLANG_WARN_RANGE_LOOP_ANALYSIS = YES;
				CLANG_WARN_STRICT_PROTOTYPES = YES;
				CLANG_WARN_SUSPICIOUS_MOVE = YES;
				CLANG_WARN_SUSPICIOUS_MOVES = YES;
				CLANG_WARN_UNREACHABLE_CODE = YES;
				CLANG_WARN__DUPLICATE_METHOD_MATCH = YES;
				CODE_SIGN_IDENTITY = "iPhone Distribution: fucheng zheng (LW783GQGY7)";
				"CODE_SIGN_IDENTITY[sdk=iphoneos*]" = "iPhone Developer";
				COPY_PHASE_STRIP = NO;
				DEBUG_INFORMATION_FORMAT = dwarf;
				DEVELOPMENT_TEAM = LW783GQGY7;
				ENABLE_STRICT_OBJC_MSGSEND = YES;
				ENABLE_TESTABILITY = YES;
				GCC_C_LANGUAGE_STANDARD = gnu99;
				GCC_DYNAMIC_NO_PIC = NO;
				GCC_NO_COMMON_BLOCKS = YES;
				GCC_OPTIMIZATION_LEVEL = 0;
				GCC_PREPROCESSOR_DEFINITIONS = (
					"DEBUG=1",
					"$(inherited)",
				);
				GCC_WARN_64_TO_32_BIT_CONVERSION = YES;
				GCC_WARN_ABOUT_RETURN_TYPE = YES_ERROR;
				GCC_WARN_UNDECLARED_SELECTOR = YES;
				GCC_WARN_UNINITIALIZED_AUTOS = YES_AGGRESSIVE;
				GCC_WARN_UNUSED_FUNCTION = YES;
				GCC_WARN_UNUSED_VARIABLE = YES;
				IPHONEOS_DEPLOYMENT_TARGET = 12.0;
				MTL_ENABLE_DEBUG_INFO = YES;
				ONLY_ACTIVE_ARCH = YES;
				SDKROOT = iphoneos;
				SWIFT_ACTIVE_COMPILATION_CONDITIONS = DEBUG;
				SWIFT_OPTIMIZATION_LEVEL = "-Onone";
				SWIFT_VERSION = 5.0;
			};
			name = Debug;
		};
		A039AE4F1D95F17F009ABFD1 /* Release */ = {
			isa = XCBuildConfiguration;
			buildSettings = {
				ALWAYS_SEARCH_USER_PATHS = NO;
				CLANG_ANALYZER_NONNULL = YES;
				CLANG_CXX_LANGUAGE_STANDARD = "gnu++0x";
				CLANG_CXX_LIBRARY = "libc++";
				CLANG_ENABLE_MODULES = YES;
				CLANG_ENABLE_OBJC_ARC = YES;
				CLANG_WARN_BLOCK_CAPTURE_AUTORELEASING = YES;
				CLANG_WARN_BOOL_CONVERSION = YES;
				CLANG_WARN_COMMA = YES;
				CLANG_WARN_CONSTANT_CONVERSION = YES;
				CLANG_WARN_DEPRECATED_OBJC_IMPLEMENTATIONS = YES;
				CLANG_WARN_DIRECT_OBJC_ISA_USAGE = YES_ERROR;
				CLANG_WARN_DOCUMENTATION_COMMENTS = YES;
				CLANG_WARN_EMPTY_BODY = YES;
				CLANG_WARN_ENUM_CONVERSION = YES;
				CLANG_WARN_INFINITE_RECURSION = YES;
				CLANG_WARN_INT_CONVERSION = YES;
				CLANG_WARN_NON_LITERAL_NULL_CONVERSION = YES;
				CLANG_WARN_OBJC_IMPLICIT_RETAIN_SELF = YES;
				CLANG_WARN_OBJC_LITERAL_CONVERSION = YES;
				CLANG_WARN_OBJC_ROOT_CLASS = YES_ERROR;
				CLANG_WARN_QUOTED_INCLUDE_IN_FRAMEWORK_HEADER = YES;
				CLANG_WARN_RANGE_LOOP_ANALYSIS = YES;
				CLANG_WARN_STRICT_PROTOTYPES = YES;
				CLANG_WARN_SUSPICIOUS_MOVE = YES;
				CLANG_WARN_SUSPICIOUS_MOVES = YES;
				CLANG_WARN_UNREACHABLE_CODE = YES;
				CLANG_WARN__DUPLICATE_METHOD_MATCH = YES;
				CODE_SIGN_IDENTITY = "iPhone Distribution: fucheng zheng (LW783GQGY7)";
				"CODE_SIGN_IDENTITY[sdk=iphoneos*]" = "iPhone Developer";
				COPY_PHASE_STRIP = NO;
				DEBUG_INFORMATION_FORMAT = "dwarf-with-dsym";
				DEVELOPMENT_TEAM = LW783GQGY7;
				ENABLE_NS_ASSERTIONS = NO;
				ENABLE_STRICT_OBJC_MSGSEND = YES;
				GCC_C_LANGUAGE_STANDARD = gnu99;
				GCC_NO_COMMON_BLOCKS = YES;
				GCC_WARN_64_TO_32_BIT_CONVERSION = YES;
				GCC_WARN_ABOUT_RETURN_TYPE = YES_ERROR;
				GCC_WARN_UNDECLARED_SELECTOR = YES;
				GCC_WARN_UNINITIALIZED_AUTOS = YES_AGGRESSIVE;
				GCC_WARN_UNUSED_FUNCTION = YES;
				GCC_WARN_UNUSED_VARIABLE = YES;
				IPHONEOS_DEPLOYMENT_TARGET = 12.0;
				MTL_ENABLE_DEBUG_INFO = NO;
				SDKROOT = iphoneos;
				SWIFT_OPTIMIZATION_LEVEL = "-Owholemodule";
				SWIFT_VERSION = 5.0;
				VALIDATE_PRODUCT = YES;
			};
			name = Release;
		};
		A039AE511D95F17F009ABFD1 /* Debug */ = {
			isa = XCBuildConfiguration;
			baseConfigurationReference = C0DE00000000000000000001 /* Config/Debug.xcconfig */;
			buildSettings = {
				ALWAYS_EMBED_SWIFT_STANDARD_LIBRARIES = YES;
				ASSETCATALOG_COMPILER_APPICON_NAME = AppIcon;
				CODE_SIGN_IDENTITY = "iPhone Distribution: fucheng zheng (LW783GQGY7)";
				"CODE_SIGN_IDENTITY[sdk=iphoneos*]" = "iPhone Developer";
				DEVELOPMENT_TEAM = LW783GQGY7;
				INFOPLIST_FILE = yugioh/Info.plist;
				IPHONEOS_DEPLOYMENT_TARGET = 15.6;
				LD_RUNPATH_SEARCH_PATHS = "$(inherited) @executable_path/Frameworks";
				LIBRARY_SEARCH_PATHS = (
					"$(inherited)",
					"$(PROJECT_DIR)/yugioh",
				);
				MARKETING_VERSION = 1.50.1;
				PRODUCT_BUNDLE_IDENTIFIER = com.sightcorner.yugioh;
				PRODUCT_NAME = "$(TARGET_NAME)";
				PROVISIONING_PROFILE = "";
				PROVISIONING_PROFILE_SPECIFIER = "";
				SWIFT_OBJC_BRIDGING_HEADER = "yugioh/WeixinShareTest-Bridging-Header.h";
				SWIFT_SWIFT3_OBJC_INFERENCE = Default;
				SWIFT_VERSION = 5.0;
			};
			name = Debug;
		};
		A039AE521D95F17F009ABFD1 /* Release */ = {
			isa = XCBuildConfiguration;
			baseConfigurationReference = C0DE00000000000000000002 /* Config/Release.xcconfig */;
			buildSettings = {
				ALWAYS_EMBED_SWIFT_STANDARD_LIBRARIES = YES;
				ASSETCATALOG_COMPILER_APPICON_NAME = AppIcon;
				CODE_SIGN_IDENTITY = "iPhone Distribution: fucheng zheng (LW783GQGY7)";
				"CODE_SIGN_IDENTITY[sdk=iphoneos*]" = "iPhone Developer";
				DEVELOPMENT_TEAM = LW783GQGY7;
				INFOPLIST_FILE = yugioh/Info.plist;
				IPHONEOS_DEPLOYMENT_TARGET = 15.6;
				LD_RUNPATH_SEARCH_PATHS = "$(inherited) @executable_path/Frameworks";
				LIBRARY_SEARCH_PATHS = (
					"$(inherited)",
					"$(PROJECT_DIR)/yugioh",
				);
				MARKETING_VERSION = 1.50.1;
				PRODUCT_BUNDLE_IDENTIFIER = com.sightcorner.yugioh;
				PRODUCT_NAME = "$(TARGET_NAME)";
				PROVISIONING_PROFILE = "";
				PROVISIONING_PROFILE_SPECIFIER = "";
				SWIFT_OBJC_BRIDGING_HEADER = "yugioh/WeixinShareTest-Bridging-Header.h";
				SWIFT_SWIFT3_OBJC_INFERENCE = Default;
				SWIFT_VERSION = 5.0;
			};
			name = Release;
		};
		A039AE541D95F17F009ABFD1 /* Debug */ = {
			isa = XCBuildConfiguration;
			buildSettings = {
				ALWAYS_EMBED_SWIFT_STANDARD_LIBRARIES = YES;
				BUNDLE_LOADER = "$(TEST_HOST)";
				DEVELOPMENT_TEAM = LW783GQGY7;
				INFOPLIST_FILE = yugiohTests/Info.plist;
				LD_RUNPATH_SEARCH_PATHS = "$(inherited) @executable_path/Frameworks @loader_path/Frameworks";
				PRODUCT_BUNDLE_IDENTIFIER = com.sightcorner.yugiohTests;
				PRODUCT_NAME = "$(TARGET_NAME)";
				SWIFT_SWIFT3_OBJC_INFERENCE = Default;
				SWIFT_VERSION = 5.0;
				TEST_HOST = "$(BUILT_PRODUCTS_DIR)/yugioh.app/yugioh";
			};
			name = Debug;
		};
		A039AE551D95F17F009ABFD1 /* Release */ = {
			isa = XCBuildConfiguration;
			buildSettings = {
				ALWAYS_EMBED_SWIFT_STANDARD_LIBRARIES = YES;
				BUNDLE_LOADER = "$(TEST_HOST)";
				DEVELOPMENT_TEAM = LW783GQGY7;
				INFOPLIST_FILE = yugiohTests/Info.plist;
				LD_RUNPATH_SEARCH_PATHS = "$(inherited) @executable_path/Frameworks @loader_path/Frameworks";
				PRODUCT_BUNDLE_IDENTIFIER = com.sightcorner.yugiohTests;
				PRODUCT_NAME = "$(TARGET_NAME)";
				SWIFT_SWIFT3_OBJC_INFERENCE = Default;
				SWIFT_VERSION = 5.0;
				TEST_HOST = "$(BUILT_PRODUCTS_DIR)/yugioh.app/yugioh";
			};
			name = Release;
		};
		A039AE571D95F17F009ABFD1 /* Debug */ = {
			isa = XCBuildConfiguration;
			buildSettings = {
				ALWAYS_EMBED_SWIFT_STANDARD_LIBRARIES = YES;
				DEVELOPMENT_TEAM = LW783GQGY7;
				INFOPLIST_FILE = yugiohUITests/Info.plist;
				LD_RUNPATH_SEARCH_PATHS = "$(inherited) @executable_path/Frameworks @loader_path/Frameworks";
				PRODUCT_BUNDLE_IDENTIFIER = com.sightcorner.yugiohUITests;
				PRODUCT_NAME = "$(TARGET_NAME)";
				SWIFT_SWIFT3_OBJC_INFERENCE = Default;
				SWIFT_VERSION = 5.0;
				TEST_TARGET_NAME = yugioh;
			};
			name = Debug;
		};
		A039AE581D95F17F009ABFD1 /* Release */ = {
			isa = XCBuildConfiguration;
			buildSettings = {
				ALWAYS_EMBED_SWIFT_STANDARD_LIBRARIES = YES;
				DEVELOPMENT_TEAM = LW783GQGY7;
				INFOPLIST_FILE = yugiohUITests/Info.plist;
				LD_RUNPATH_SEARCH_PATHS = "$(inherited) @executable_path/Frameworks @loader_path/Frameworks";
				PRODUCT_BUNDLE_IDENTIFIER = com.sightcorner.yugiohUITests;
				PRODUCT_NAME = "$(TARGET_NAME)";
				SWIFT_SWIFT3_OBJC_INFERENCE = Default;
				SWIFT_VERSION = 5.0;
				TEST_TARGET_NAME = yugioh;
			};
			name = Release;
		};
		A0C936F11DCB2AEF00281940 /* PRODUCTION */ = {
			isa = XCBuildConfiguration;
			buildSettings = {
				ALWAYS_SEARCH_USER_PATHS = NO;
				CLANG_ANALYZER_NONNULL = YES;
				CLANG_CXX_LANGUAGE_STANDARD = "gnu++0x";
				CLANG_CXX_LIBRARY = "libc++";
				CLANG_ENABLE_MODULES = YES;
				CLANG_ENABLE_OBJC_ARC = YES;
				CLANG_WARN_BLOCK_CAPTURE_AUTORELEASING = YES;
				CLANG_WARN_BOOL_CONVERSION = YES;
				CLANG_WARN_COMMA = YES;
				CLANG_WARN_CONSTANT_CONVERSION = YES;
				CLANG_WARN_DEPRECATED_OBJC_IMPLEMENTATIONS = YES;
				CLANG_WARN_DIRECT_OBJC_ISA_USAGE = YES_ERROR;
				CLANG_WARN_DOCUMENTATION_COMMENTS = YES;
				CLANG_WARN_EMPTY_BODY = YES;
				CLANG_WARN_ENUM_CONVERSION = YES;
				CLANG_WARN_INFINITE_RECURSION = YES;
				CLANG_WARN_INT_CONVERSION = YES;
				CLANG_WARN_NON_LITERAL_NULL_CONVERSION = YES;
				CLANG_WARN_OBJC_IMPLICIT_RETAIN_SELF = YES;
				CLANG_WARN_OBJC_LITERAL_CONVERSION = YES;
				CLANG_WARN_OBJC_ROOT_CLASS = YES_ERROR;
				CLANG_WARN_QUOTED_INCLUDE_IN_FRAMEWORK_HEADER = YES;
				CLANG_WARN_RANGE_LOOP_ANALYSIS = YES;
				CLANG_WARN_STRICT_PROTOTYPES = YES;
				CLANG_WARN_SUSPICIOUS_MOVE = YES;
				CLANG_WARN_SUSPICIOUS_MOVES = YES;
				CLANG_WARN_UNREACHABLE_CODE = YES;
				CLANG_WARN__DUPLICATE_METHOD_MATCH = YES;
				CODE_SIGN_IDENTITY = "iPhone Distribution: fucheng zheng (LW783GQGY7)";
				"CODE_SIGN_IDENTITY[sdk=iphoneos*]" = "iPhone Developer";
				COPY_PHASE_STRIP = NO;
				DEBUG_INFORMATION_FORMAT = "dwarf-with-dsym";
				DEVELOPMENT_TEAM = LW783GQGY7;
				ENABLE_NS_ASSERTIONS = NO;
				ENABLE_STRICT_OBJC_MSGSEND = YES;
				GCC_C_LANGUAGE_STANDARD = gnu99;
				GCC_NO_COMMON_BLOCKS = YES;
				GCC_WARN_64_TO_32_BIT_CONVERSION = YES;
				GCC_WARN_ABOUT_RETURN_TYPE = YES_ERROR;
				GCC_WARN_UNDECLARED_SELECTOR = YES;
				GCC_WARN_UNINITIALIZED_AUTOS = YES_AGGRESSIVE;
				GCC_WARN_UNUSED_FUNCTION = YES;
				GCC_WARN_UNUSED_VARIABLE = YES;
				IPHONEOS_DEPLOYMENT_TARGET = 12.0;
				MTL_ENABLE_DEBUG_INFO = NO;
				SDKROOT = iphoneos;
				SWIFT_OPTIMIZATION_LEVEL = "-Owholemodule";
				SWIFT_VERSION = 5.0;
				VALIDATE_PRODUCT = YES;
			};
			name = PRODUCTION;
		};
		A0C936F21DCB2AEF00281940 /* PRODUCTION */ = {
			isa = XCBuildConfiguration;
			baseConfigurationReference = C0DE00000000000000000003 /* Config/Production.xcconfig */;
			buildSettings = {
				ALWAYS_EMBED_SWIFT_STANDARD_LIBRARIES = YES;
				ASSETCATALOG_COMPILER_APPICON_NAME = AppIcon;
				CODE_SIGN_IDENTITY = "iPhone Distribution: fucheng zheng (LW783GQGY7)";
				"CODE_SIGN_IDENTITY[sdk=iphoneos*]" = "iPhone Developer";
				DEVELOPMENT_TEAM = LW783GQGY7;
				INFOPLIST_FILE = yugioh/Info.plist;
				IPHONEOS_DEPLOYMENT_TARGET = 15.6;
				LD_RUNPATH_SEARCH_PATHS = "$(inherited) @executable_path/Frameworks";
				LIBRARY_SEARCH_PATHS = (
					"$(inherited)",
					"$(PROJECT_DIR)/yugioh",
				);
				MARKETING_VERSION = 1.50.1;
				PRODUCT_BUNDLE_IDENTIFIER = com.sightcorner.yugioh;
				PRODUCT_NAME = "$(TARGET_NAME)";
				PROVISIONING_PROFILE = "";
				PROVISIONING_PROFILE_SPECIFIER = "";
				SWIFT_OBJC_BRIDGING_HEADER = "yugioh/WeixinShareTest-Bridging-Header.h";
				SWIFT_SWIFT3_OBJC_INFERENCE = Default;
				SWIFT_VERSION = 5.0;
			};
			name = PRODUCTION;
		};
		A0C936F31DCB2AEF00281940 /* PRODUCTION */ = {
			isa = XCBuildConfiguration;
			buildSettings = {
				ALWAYS_EMBED_SWIFT_STANDARD_LIBRARIES = YES;
				BUNDLE_LOADER = "$(TEST_HOST)";
				DEVELOPMENT_TEAM = LW783GQGY7;
				INFOPLIST_FILE = yugiohTests/Info.plist;
				LD_RUNPATH_SEARCH_PATHS = "$(inherited) @executable_path/Frameworks @loader_path/Frameworks";
				PRODUCT_BUNDLE_IDENTIFIER = com.sightcorner.yugiohTests;
				PRODUCT_NAME = "$(TARGET_NAME)";
				SWIFT_SWIFT3_OBJC_INFERENCE = Default;
				SWIFT_VERSION = 5.0;
				TEST_HOST = "$(BUILT_PRODUCTS_DIR)/yugioh.app/yugioh";
			};
			name = PRODUCTION;
		};
		A0C936F41DCB2AEF00281940 /* PRODUCTION */ = {
			isa = XCBuildConfiguration;
			buildSettings = {
				ALWAYS_EMBED_SWIFT_STANDARD_LIBRARIES = YES;
				DEVELOPMENT_TEAM = LW783GQGY7;
				INFOPLIST_FILE = yugiohUITests/Info.plist;
				LD_RUNPATH_SEARCH_PATHS = "$(inherited) @executable_path/Frameworks @loader_path/Frameworks";
				PRODUCT_BUNDLE_IDENTIFIER = com.sightcorner.yugiohUITests;
				PRODUCT_NAME = "$(TARGET_NAME)";
				SWIFT_SWIFT3_OBJC_INFERENCE = Default;
				SWIFT_VERSION = 5.0;
				TEST_TARGET_NAME = yugioh;
			};
			name = PRODUCTION;
		};
/* End XCBuildConfiguration section */

/* Begin XCConfigurationList section */
		A039AE201D95F17E009ABFD1 /* Build configuration list for PBXProject "yugioh" */ = {
			isa = XCConfigurationList;
			buildConfigurations = (
				A039AE4E1D95F17F009ABFD1 /* Debug */,
				A039AE4F1D95F17F009ABFD1 /* Release */,
				A0C936F11DCB2AEF00281940 /* PRODUCTION */,
			);
			defaultConfigurationIsVisible = 0;
			defaultConfigurationName = Release;
		};
		A039AE501D95F17F009ABFD1 /* Build configuration list for PBXNativeTarget "yugioh" */ = {
			isa = XCConfigurationList;
			buildConfigurations = (
				A039AE511D95F17F009ABFD1 /* Debug */,
				A039AE521D95F17F009ABFD1 /* Release */,
				A0C936F21DCB2AEF00281940 /* PRODUCTION */,
			);
			defaultConfigurationIsVisible = 0;
			defaultConfigurationName = Release;
		};
		A039AE531D95F17F009ABFD1 /* Build configuration list for PBXNativeTarget "yugiohTests" */ = {
			isa = XCConfigurationList;
			buildConfigurations = (
				A039AE541D95F17F009ABFD1 /* Debug */,
				A039AE551D95F17F009ABFD1 /* Release */,
				A0C936F31DCB2AEF00281940 /* PRODUCTION */,
			);
			defaultConfigurationIsVisible = 0;
			defaultConfigurationName = Release;
		};
		A039AE561D95F17F009ABFD1 /* Build configuration list for PBXNativeTarget "yugiohUITests" */ = {
			isa = XCConfigurationList;
			buildConfigurations = (
				A039AE571D95F17F009ABFD1 /* Debug */,
				A039AE581D95F17F009ABFD1 /* Release */,
				A0C936F41DCB2AEF00281940 /* PRODUCTION */,
			);
			defaultConfigurationIsVisible = 0;
			defaultConfigurationName = Release;
		};
/* End XCConfigurationList section */

/* Begin XCVersionGroup section */
		A039AE2F1D95F17F009ABFD1 /* yugioh.xcdatamodeld */ = {
			isa = XCVersionGroup;
			children = (
				A039AE301D95F17F009ABFD1 /* yugioh.xcdatamodel */,
			);
			currentVersion = A039AE301D95F17F009ABFD1 /* yugioh.xcdatamodel */;
			path = yugioh.xcdatamodeld;
			sourceTree = "<group>";
			versionGroupType = wrapper.xcdatamodel;
		};
/* End XCVersionGroup section */
	};
	rootObject = A039AE1D1D95F17E009ABFD1 /* Project object */;
}
